// !$*UTF8*$!
{
	archiveVersion = 1;
	classes = {
	};
	objectVersion = 48;
	objects = {

/* Begin PBXBuildFile section */
		0E080E10FE5588A031B68142 /* Pods_SocialMediaApp.framework in Frameworks */ = {isa = PBXBuildFile; fileRef = CF69C0E0BF82CCA5DC25AFD8 /* Pods_SocialMediaApp.framework */; };
		DA8DE4212012503A00BA5417 /* DesignView.swift in Sources */ = {isa = PBXBuildFile; fileRef = DA8DE4202012503A00BA5417 /* DesignView.swift */; };
		DA8DE424201250D700BA5417 /* Constants.swift in Sources */ = {isa = PBXBuildFile; fileRef = DA8DE423201250D700BA5417 /* Constants.swift */; };
		DA8DE426201252CD00BA5417 /* RoundButton.swift in Sources */ = {isa = PBXBuildFile; fileRef = DA8DE425201252CD00BA5417 /* RoundButton.swift */; };
		DA8DE428201254B200BA5417 /* DesignTextField.swift in Sources */ = {isa = PBXBuildFile; fileRef = DA8DE427201254B200BA5417 /* DesignTextField.swift */; };
		DA8DE42A2012560200BA5417 /* DesignButton.swift in Sources */ = {isa = PBXBuildFile; fileRef = DA8DE4292012560200BA5417 /* DesignButton.swift */; };
		DADB16092013C6A7000AD0C1 /* FeedVC.swift in Sources */ = {isa = PBXBuildFile; fileRef = DADB16082013C6A7000AD0C1 /* FeedVC.swift */; };
		DADB160B2013D94A000AD0C1 /* CircleView.swift in Sources */ = {isa = PBXBuildFile; fileRef = DADB160A2013D94A000AD0C1 /* CircleView.swift */; };
		DADB160D2013E8A1000AD0C1 /* PostCell.swift in Sources */ = {isa = PBXBuildFile; fileRef = DADB160C2013E8A1000AD0C1 /* PostCell.swift */; };
		DADB16102013F94F000AD0C1 /* DataService.swift in Sources */ = {isa = PBXBuildFile; fileRef = DADB160F2013F94F000AD0C1 /* DataService.swift */; };
		DAE68FC9201147FB0028292E /* AppDelegate.swift in Sources */ = {isa = PBXBuildFile; fileRef = DAE68FC8201147FB0028292E /* AppDelegate.swift */; };
		DAE68FCB201147FB0028292E /* SignInVC.swift in Sources */ = {isa = PBXBuildFile; fileRef = DAE68FCA201147FB0028292E /* SignInVC.swift */; };
		DAE68FCE201147FB0028292E /* Main.storyboard in Resources */ = {isa = PBXBuildFile; fileRef = DAE68FCC201147FB0028292E /* Main.storyboard */; };
		DAE68FD0201147FB0028292E /* Assets.xcassets in Resources */ = {isa = PBXBuildFile; fileRef = DAE68FCF201147FB0028292E /* Assets.xcassets */; };
		DAE68FD3201147FB0028292E /* LaunchScreen.storyboard in Resources */ = {isa = PBXBuildFile; fileRef = DAE68FD1201147FB0028292E /* LaunchScreen.storyboard */; };
		DAE68FDB201148670028292E /* GoogleService-Info.plist in Resources */ = {isa = PBXBuildFile; fileRef = DAE68FDA201148670028292E /* GoogleService-Info.plist */; };
/* End PBXBuildFile section */

/* Begin PBXFileReference section */
		8F51D6F8F2176AA76A806FEE /* Pods-SocialMediaApp.release.xcconfig */ = {isa = PBXFileReference; includeInIndex = 1; lastKnownFileType = text.xcconfig; name = "Pods-SocialMediaApp.release.xcconfig"; path = "Pods/Target Support Files/Pods-SocialMediaApp/Pods-SocialMediaApp.release.xcconfig"; sourceTree = "<group>"; };
		A93D0CB82E8C13FA685D3451 /* Pods-SocialMediaApp.debug.xcconfig */ = {isa = PBXFileReference; includeInIndex = 1; lastKnownFileType = text.xcconfig; name = "Pods-SocialMediaApp.debug.xcconfig"; path = "Pods/Target Support Files/Pods-SocialMediaApp/Pods-SocialMediaApp.debug.xcconfig"; sourceTree = "<group>"; };
		CF69C0E0BF82CCA5DC25AFD8 /* Pods_SocialMediaApp.framework */ = {isa = PBXFileReference; explicitFileType = wrapper.framework; includeInIndex = 0; path = Pods_SocialMediaApp.framework; sourceTree = BUILT_PRODUCTS_DIR; };
		DA8DE4202012503A00BA5417 /* DesignView.swift */ = {isa = PBXFileReference; lastKnownFileType = sourcecode.swift; path = DesignView.swift; sourceTree = "<group>"; };
		DA8DE423201250D700BA5417 /* Constants.swift */ = {isa = PBXFileReference; lastKnownFileType = sourcecode.swift; path = Constants.swift; sourceTree = "<group>"; };
		DA8DE425201252CD00BA5417 /* RoundButton.swift */ = {isa = PBXFileReference; lastKnownFileType = sourcecode.swift; path = RoundButton.swift; sourceTree = "<group>"; };
		DA8DE427201254B200BA5417 /* DesignTextField.swift */ = {isa = PBXFileReference; lastKnownFileType = sourcecode.swift; path = DesignTextField.swift; sourceTree = "<group>"; };
		DA8DE4292012560200BA5417 /* DesignButton.swift */ = {isa = PBXFileReference; lastKnownFileType = sourcecode.swift; path = DesignButton.swift; sourceTree = "<group>"; };
		DADB16082013C6A7000AD0C1 /* FeedVC.swift */ = {isa = PBXFileReference; lastKnownFileType = sourcecode.swift; path = FeedVC.swift; sourceTree = "<group>"; };
		DADB160A2013D94A000AD0C1 /* CircleView.swift */ = {isa = PBXFileReference; lastKnownFileType = sourcecode.swift; path = CircleView.swift; sourceTree = "<group>"; };
		DADB160C2013E8A1000AD0C1 /* PostCell.swift */ = {isa = PBXFileReference; lastKnownFileType = sourcecode.swift; path = PostCell.swift; sourceTree = "<group>"; };
		DADB160F2013F94F000AD0C1 /* DataService.swift */ = {isa = PBXFileReference; lastKnownFileType = sourcecode.swift; path = DataService.swift; sourceTree = "<group>"; };
		DAE68FC5201147FB0028292E /* SocialMediaApp.app */ = {isa = PBXFileReference; explicitFileType = wrapper.application; includeInIndex = 0; path = SocialMediaApp.app; sourceTree = BUILT_PRODUCTS_DIR; };
		DAE68FC8201147FB0028292E /* AppDelegate.swift */ = {isa = PBXFileReference; lastKnownFileType = sourcecode.swift; path = AppDelegate.swift; sourceTree = "<group>"; };
		DAE68FCA201147FB0028292E /* SignInVC.swift */ = {isa = PBXFileReference; lastKnownFileType = sourcecode.swift; path = SignInVC.swift; sourceTree = "<group>"; };
		DAE68FCD201147FB0028292E /* Base */ = {isa = PBXFileReference; lastKnownFileType = file.storyboard; name = Base; path = Base.lproj/Main.storyboard; sourceTree = "<group>"; };
		DAE68FCF201147FB0028292E /* Assets.xcassets */ = {isa = PBXFileReference; lastKnownFileType = folder.assetcatalog; path = Assets.xcassets; sourceTree = "<group>"; };
		DAE68FD2201147FB0028292E /* Base */ = {isa = PBXFileReference; lastKnownFileType = file.storyboard; name = Base; path = Base.lproj/LaunchScreen.storyboard; sourceTree = "<group>"; };
		DAE68FD4201147FB0028292E /* Info.plist */ = {isa = PBXFileReference; lastKnownFileType = text.plist.xml; path = Info.plist; sourceTree = "<group>"; };
		DAE68FDA201148670028292E /* GoogleService-Info.plist */ = {isa = PBXFileReference; fileEncoding = 4; lastKnownFileType = text.plist.xml; path = "GoogleService-Info.plist"; sourceTree = "<group>"; };
/* End PBXFileReference section */

/* Begin PBXFrameworksBuildPhase section */
		DAE68FC2201147FB0028292E /* Frameworks */ = {
			isa = PBXFrameworksBuildPhase;
			buildActionMask = 2147483647;
			files = (
				0E080E10FE5588A031B68142 /* Pods_SocialMediaApp.framework in Frameworks */,
			);
			runOnlyForDeploymentPostprocessing = 0;
		};
/* End PBXFrameworksBuildPhase section */

/* Begin PBXGroup section */
		7D9314906E20F7C87300A96D /* Frameworks */ = {
			isa = PBXGroup;
			children = (
				CF69C0E0BF82CCA5DC25AFD8 /* Pods_SocialMediaApp.framework */,
			);
			name = Frameworks;
			sourceTree = "<group>";
		};
		99CF6B1147DE6EAAB9FB9F08 /* Pods */ = {
			isa = PBXGroup;
			children = (
				A93D0CB82E8C13FA685D3451 /* Pods-SocialMediaApp.debug.xcconfig */,
				8F51D6F8F2176AA76A806FEE /* Pods-SocialMediaApp.release.xcconfig */,
			);
			name = Pods;
			sourceTree = "<group>";
		};
		DA8DE422201250BD00BA5417 /* Utility */ = {
			isa = PBXGroup;
			children = (
				DA8DE423201250D700BA5417 /* Constants.swift */,
			);
			path = Utility;
			sourceTree = "<group>";
		};
		DAA74FA220114AE300CFAA83 /* Model */ = {
			isa = PBXGroup;
			children = (
			);
			path = Model;
			sourceTree = "<group>";
		};
		DAA74FA320114AEB00CFAA83 /* View */ = {
			isa = PBXGroup;
			children = (
				DA8DE425201252CD00BA5417 /* RoundButton.swift */,
				DADB160A2013D94A000AD0C1 /* CircleView.swift */,
				DA8DE4292012560200BA5417 /* DesignButton.swift */,
				DA8DE4202012503A00BA5417 /* DesignView.swift */,
				DA8DE427201254B200BA5417 /* DesignTextField.swift */,
				DADB160C2013E8A1000AD0C1 /* PostCell.swift */,
			);
			path = View;
			sourceTree = "<group>";
		};
		DAA74FA420114AF100CFAA83 /* Controller */ = {
			isa = PBXGroup;
			children = (
				DAE68FCA201147FB0028292E /* SignInVC.swift */,
				DADB16082013C6A7000AD0C1 /* FeedVC.swift */,
			);
			path = Controller;
			sourceTree = "<group>";
		};
		DADB160E2013F936000AD0C1 /* Services */ = {
			isa = PBXGroup;
			children = (
				DADB160F2013F94F000AD0C1 /* DataService.swift */,
			);
			path = Services;
			sourceTree = "<group>";
		};
		DAE68FBC201147FB0028292E = {
			isa = PBXGroup;
			children = (
				DAE68FC7201147FB0028292E /* SocialMediaApp */,
				DAE68FC6201147FB0028292E /* Products */,
				99CF6B1147DE6EAAB9FB9F08 /* Pods */,
				7D9314906E20F7C87300A96D /* Frameworks */,
			);
			sourceTree = "<group>";
		};
		DAE68FC6201147FB0028292E /* Products */ = {
			isa = PBXGroup;
			children = (
				DAE68FC5201147FB0028292E /* SocialMediaApp.app */,
			);
			name = Products;
			sourceTree = "<group>";
		};
		DAE68FC7201147FB0028292E /* SocialMediaApp */ = {
			isa = PBXGroup;
			children = (
				DADB160E2013F936000AD0C1 /* Services */,
				DA8DE422201250BD00BA5417 /* Utility */,
				DAA74FA220114AE300CFAA83 /* Model */,
				DAA74FA320114AEB00CFAA83 /* View */,
				DAA74FA420114AF100CFAA83 /* Controller */,
				DAE68FC8201147FB0028292E /* AppDelegate.swift */,
				DAE68FCC201147FB0028292E /* Main.storyboard */,
				DAE68FCF201147FB0028292E /* Assets.xcassets */,
				DAE68FD1201147FB0028292E /* LaunchScreen.storyboard */,
				DAE68FD4201147FB0028292E /* Info.plist */,
				DAE68FDA201148670028292E /* GoogleService-Info.plist */,
			);
			path = SocialMediaApp;
			sourceTree = "<group>";
		};
/* End PBXGroup section */

/* Begin PBXNativeTarget section */
		DAE68FC4201147FB0028292E /* SocialMediaApp */ = {
			isa = PBXNativeTarget;
			buildConfigurationList = DAE68FD7201147FB0028292E /* Build configuration list for PBXNativeTarget "SocialMediaApp" */;
			buildPhases = (
				E5D38626C623D31916C9DB19 /* [CP] Check Pods Manifest.lock */,
				DAE68FC1201147FB0028292E /* Sources */,
				DAE68FC2201147FB0028292E /* Frameworks */,
				DAE68FC3201147FB0028292E /* Resources */,
				DFB53381A786541F3C35B19D /* [CP] Embed Pods Frameworks */,
				1ED57DF29C4336E9C88D7A02 /* [CP] Copy Pods Resources */,
			);
			buildRules = (
			);
			dependencies = (
			);
			name = SocialMediaApp;
			productName = SocialMediaApp;
			productReference = DAE68FC5201147FB0028292E /* SocialMediaApp.app */;
			productType = "com.apple.product-type.application";
		};
/* End PBXNativeTarget section */

/* Begin PBXProject section */
		DAE68FBD201147FB0028292E /* Project object */ = {
			isa = PBXProject;
			attributes = {
				LastSwiftUpdateCheck = 0920;
				LastUpgradeCheck = 0920;
				ORGANIZATIONNAME = "Andrew Jenson";
				TargetAttributes = {
					DAE68FC4201147FB0028292E = {
						CreatedOnToolsVersion = 9.2;
						ProvisioningStyle = Automatic;
					};
				};
			};
			buildConfigurationList = DAE68FC0201147FB0028292E /* Build configuration list for PBXProject "SocialMediaApp" */;
			compatibilityVersion = "Xcode 8.0";
			developmentRegion = en;
			hasScannedForEncodings = 0;
			knownRegions = (
				en,
				Base,
			);
			mainGroup = DAE68FBC201147FB0028292E;
			productRefGroup = DAE68FC6201147FB0028292E /* Products */;
			projectDirPath = "";
			projectRoot = "";
			targets = (
				DAE68FC4201147FB0028292E /* SocialMediaApp */,
			);
		};
/* End PBXProject section */

/* Begin PBXResourcesBuildPhase section */
		DAE68FC3201147FB0028292E /* Resources */ = {
			isa = PBXResourcesBuildPhase;
			buildActionMask = 2147483647;
			files = (
				DAE68FDB201148670028292E /* GoogleService-Info.plist in Resources */,
				DAE68FD3201147FB0028292E /* LaunchScreen.storyboard in Resources */,
				DAE68FD0201147FB0028292E /* Assets.xcassets in Resources */,
				DAE68FCE201147FB0028292E /* Main.storyboard in Resources */,
			);
			runOnlyForDeploymentPostprocessing = 0;
		};
/* End PBXResourcesBuildPhase section */

/* Begin PBXShellScriptBuildPhase section */
		1ED57DF29C4336E9C88D7A02 /* [CP] Copy Pods Resources */ = {
			isa = PBXShellScriptBuildPhase;
			buildActionMask = 2147483647;
			files = (
			);
			inputPaths = (
			);
			name = "[CP] Copy Pods Resources";
			outputPaths = (
			);
			runOnlyForDeploymentPostprocessing = 0;
			shellPath = /bin/sh;
			shellScript = "\"${SRCROOT}/Pods/Target Support Files/Pods-SocialMediaApp/Pods-SocialMediaApp-resources.sh\"\n";
			showEnvVarsInLog = 0;
		};
		DFB53381A786541F3C35B19D /* [CP] Embed Pods Frameworks */ = {
			isa = PBXShellScriptBuildPhase;
			buildActionMask = 2147483647;
			files = (
			);
			inputPaths = (
				"${SRCROOT}/Pods/Target Support Files/Pods-SocialMediaApp/Pods-SocialMediaApp-frameworks.sh",
				"${BUILT_PRODUCTS_DIR}/Bolts/Bolts.framework",
				"${BUILT_PRODUCTS_DIR}/FBSDKCoreKit/FBSDKCoreKit.framework",
				"${BUILT_PRODUCTS_DIR}/FBSDKLoginKit/FBSDKLoginKit.framework",
				"${BUILT_PRODUCTS_DIR}/GTMSessionFetcher/GTMSessionFetcher.framework",
				"${BUILT_PRODUCTS_DIR}/GoogleToolboxForMac/GoogleToolboxForMac.framework",
				"${BUILT_PRODUCTS_DIR}/SwiftKeychainWrapper/SwiftKeychainWrapper.framework",
				"${BUILT_PRODUCTS_DIR}/leveldb-library/leveldb.framework",
				"${BUILT_PRODUCTS_DIR}/nanopb/nanopb.framework",
			);
			name = "[CP] Embed Pods Frameworks";
			outputPaths = (
				"${TARGET_BUILD_DIR}/${FRAMEWORKS_FOLDER_PATH}/Bolts.framework",
				"${TARGET_BUILD_DIR}/${FRAMEWORKS_FOLDER_PATH}/FBSDKCoreKit.framework",
				"${TARGET_BUILD_DIR}/${FRAMEWORKS_FOLDER_PATH}/FBSDKLoginKit.framework",
				"${TARGET_BUILD_DIR}/${FRAMEWORKS_FOLDER_PATH}/GTMSessionFetcher.framework",
				"${TARGET_BUILD_DIR}/${FRAMEWORKS_FOLDER_PATH}/GoogleToolboxForMac.framework",
				"${TARGET_BUILD_DIR}/${FRAMEWORKS_FOLDER_PATH}/SwiftKeychainWrapper.framework",
				"${TARGET_BUILD_DIR}/${FRAMEWORKS_FOLDER_PATH}/leveldb.framework",
				"${TARGET_BUILD_DIR}/${FRAMEWORKS_FOLDER_PATH}/nanopb.framework",
			);
			runOnlyForDeploymentPostprocessing = 0;
			shellPath = /bin/sh;
			shellScript = "\"${SRCROOT}/Pods/Target Support Files/Pods-SocialMediaApp/Pods-SocialMediaApp-frameworks.sh\"\n";
			showEnvVarsInLog = 0;
		};
		E5D38626C623D31916C9DB19 /* [CP] Check Pods Manifest.lock */ = {
			isa = PBXShellScriptBuildPhase;
			buildActionMask = 2147483647;
			files = (
			);
			inputPaths = (
				"${PODS_PODFILE_DIR_PATH}/Podfile.lock",
				"${PODS_ROOT}/Manifest.lock",
			);
			name = "[CP] Check Pods Manifest.lock";
			outputPaths = (
				"$(DERIVED_FILE_DIR)/Pods-SocialMediaApp-checkManifestLockResult.txt",
			);
			runOnlyForDeploymentPostprocessing = 0;
			shellPath = /bin/sh;
			shellScript = "diff \"${PODS_PODFILE_DIR_PATH}/Podfile.lock\" \"${PODS_ROOT}/Manifest.lock\" > /dev/null\nif [ $? != 0 ] ; then\n    # print error to STDERR\n    echo \"error: The sandbox is not in sync with the Podfile.lock. Run 'pod install' or update your CocoaPods installation.\" >&2\n    exit 1\nfi\n# This output is used by Xcode 'outputs' to avoid re-running this script phase.\necho \"SUCCESS\" > \"${SCRIPT_OUTPUT_FILE_0}\"\n";
			showEnvVarsInLog = 0;
		};
/* End PBXShellScriptBuildPhase section */

/* Begin PBXSourcesBuildPhase section */
		DAE68FC1201147FB0028292E /* Sources */ = {
			isa = PBXSourcesBuildPhase;
			buildActionMask = 2147483647;
			files = (
				DADB160B2013D94A000AD0C1 /* CircleView.swift in Sources */,
				DAE68FCB201147FB0028292E /* SignInVC.swift in Sources */,
				DA8DE426201252CD00BA5417 /* RoundButton.swift in Sources */,
				DAE68FC9201147FB0028292E /* AppDelegate.swift in Sources */,
				DA8DE4212012503A00BA5417 /* DesignView.swift in Sources */,
				DADB16102013F94F000AD0C1 /* DataService.swift in Sources */,
				DADB16092013C6A7000AD0C1 /* FeedVC.swift in Sources */,
				DA8DE42A2012560200BA5417 /* DesignButton.swift in Sources */,
				DA8DE424201250D700BA5417 /* Constants.swift in Sources */,
				DA8DE428201254B200BA5417 /* DesignTextField.swift in Sources */,
				DADB160D2013E8A1000AD0C1 /* PostCell.swift in Sources */,
			);
			runOnlyForDeploymentPostprocessing = 0;
		};
/* End PBXSourcesBuildPhase section */

/* Begin PBXVariantGroup section */
		DAE68FCC201147FB0028292E /* Main.storyboard */ = {
			isa = PBXVariantGroup;
			children = (
				DAE68FCD201147FB0028292E /* Base */,
			);
			name = Main.storyboard;
			sourceTree = "<group>";
		};
		DAE68FD1201147FB0028292E /* LaunchScreen.storyboard */ = {
			isa = PBXVariantGroup;
			children = (
				DAE68FD2201147FB0028292E /* Base */,
			);
			name = LaunchScreen.storyboard;
			sourceTree = "<group>";
		};
/* End PBXVariantGroup section */

/* Begin XCBuildConfiguration section */
		DAE68FD5201147FB0028292E /* Debug */ = {
			isa = XCBuildConfiguration;
			buildSettings = {
				ALWAYS_SEARCH_USER_PATHS = NO;
				CLANG_ANALYZER_NONNULL = YES;
				CLANG_ANALYZER_NUMBER_OBJECT_CONVERSION = YES_AGGRESSIVE;
				CLANG_CXX_LANGUAGE_STANDARD = "gnu++14";
				CLANG_CXX_LIBRARY = "libc++";
				CLANG_ENABLE_MODULES = YES;
				CLANG_ENABLE_OBJC_ARC = YES;
				CLANG_WARN_BLOCK_CAPTURE_AUTORELEASING = YES;
				CLANG_WARN_BOOL_CONVERSION = YES;
				CLANG_WARN_COMMA = YES;
				CLANG_WARN_CONSTANT_CONVERSION = YES;
				CLANG_WARN_DIRECT_OBJC_ISA_USAGE = YES_ERROR;
				CLANG_WARN_DOCUMENTATION_COMMENTS = YES;
				CLANG_WARN_EMPTY_BODY = YES;
				CLANG_WARN_ENUM_CONVERSION = YES;
				CLANG_WARN_INFINITE_RECURSION = YES;
				CLANG_WARN_INT_CONVERSION = YES;
				CLANG_WARN_NON_LITERAL_NULL_CONVERSION = YES;
				CLANG_WARN_OBJC_LITERAL_CONVERSION = YES;
				CLANG_WARN_OBJC_ROOT_CLASS = YES_ERROR;
				CLANG_WARN_RANGE_LOOP_ANALYSIS = YES;
				CLANG_WARN_STRICT_PROTOTYPES = YES;
				CLANG_WARN_SUSPICIOUS_MOVE = YES;
				CLANG_WARN_UNGUARDED_AVAILABILITY = YES_AGGRESSIVE;
				CLANG_WARN_UNREACHABLE_CODE = YES;
				CLANG_WARN__DUPLICATE_METHOD_MATCH = YES;
				CODE_SIGN_IDENTITY = "iPhone Developer";
				COPY_PHASE_STRIP = NO;
				DEBUG_INFORMATION_FORMAT = dwarf;
				ENABLE_STRICT_OBJC_MSGSEND = YES;
				ENABLE_TESTABILITY = YES;
				GCC_C_LANGUAGE_STANDARD = gnu11;
				GCC_DYNAMIC_NO_PIC = NO;
				GCC_NO_COMMON_BLOCKS = YES;
				GCC_OPTIMIZATION_LEVEL = 0;
				GCC_PREPROCESSOR_DEFINITIONS = (
					"DEBUG=1",
					"$(inherited)",
				);
				GCC_WARN_64_TO_32_BIT_CONVERSION = YES;
				GCC_WARN_ABOUT_RETURN_TYPE = YES_ERROR;
				GCC_WARN_UNDECLARED_SELECTOR = YES;
				GCC_WARN_UNINITIALIZED_AUTOS = YES_AGGRESSIVE;
				GCC_WARN_UNUSED_FUNCTION = YES;
				GCC_WARN_UNUSED_VARIABLE = YES;
				IPHONEOS_DEPLOYMENT_TARGET = 11.2;
				MTL_ENABLE_DEBUG_INFO = YES;
				ONLY_ACTIVE_ARCH = YES;
				SDKROOT = iphoneos;
				SWIFT_ACTIVE_COMPILATION_CONDITIONS = DEBUG;
				SWIFT_OPTIMIZATION_LEVEL = "-Onone";
			};
			name = Debug;
		};
		DAE68FD6201147FB0028292E /* Release */ = {
			isa = XCBuildConfiguration;
			buildSettings = {
				ALWAYS_SEARCH_USER_PATHS = NO;
				CLANG_ANALYZER_NONNULL = YES;
				CLANG_ANALYZER_NUMBER_OBJECT_CONVERSION = YES_AGGRESSIVE;
				CLANG_CXX_LANGUAGE_STANDARD = "gnu++14";
				CLANG_CXX_LIBRARY = "libc++";
				CLANG_ENABLE_MODULES = YES;
				CLANG_ENABLE_OBJC_ARC = YES;
				CLANG_WARN_BLOCK_CAPTURE_AUTORELEASING = YES;
				CLANG_WARN_BOOL_CONVERSION = YES;
				CLANG_WARN_COMMA = YES;
				CLANG_WARN_CONSTANT_CONVERSION = YES;
				CLANG_WARN_DIRECT_OBJC_ISA_USAGE = YES_ERROR;
				CLANG_WARN_DOCUMENTATION_COMMENTS = YES;
				CLANG_WARN_EMPTY_BODY = YES;
				CLANG_WARN_ENUM_CONVERSION = YES;
				CLANG_WARN_INFINITE_RECURSION = YES;
				CLANG_WARN_INT_CONVERSION = YES;
				CLANG_WARN_NON_LITERAL_NULL_CONVERSION = YES;
				CLANG_WARN_OBJC_LITERAL_CONVERSION = YES;
				CLANG_WARN_OBJC_ROOT_CLASS = YES_ERROR;
				CLANG_WARN_RANGE_LOOP_ANALYSIS = YES;
				CLANG_WARN_STRICT_PROTOTYPES = YES;
				CLANG_WARN_SUSPICIOUS_MOVE = YES;
				CLANG_WARN_UNGUARDED_AVAILABILITY = YES_AGGRESSIVE;
				CLANG_WARN_UNREACHABLE_CODE = YES;
				CLANG_WARN__DUPLICATE_METHOD_MATCH = YES;
				CODE_SIGN_IDENTITY = "iPhone Developer";
				COPY_PHASE_STRIP = NO;
				DEBUG_INFORMATION_FORMAT = "dwarf-with-dsym";
				ENABLE_NS_ASSERTIONS = NO;
				ENABLE_STRICT_OBJC_MSGSEND = YES;
				GCC_C_LANGUAGE_STANDARD = gnu11;
				GCC_NO_COMMON_BLOCKS = YES;
				GCC_WARN_64_TO_32_BIT_CONVERSION = YES;
				GCC_WARN_ABOUT_RETURN_TYPE = YES_ERROR;
				GCC_WARN_UNDECLARED_SELECTOR = YES;
				GCC_WARN_UNINITIALIZED_AUTOS = YES_AGGRESSIVE;
				GCC_WARN_UNUSED_FUNCTION = YES;
				GCC_WARN_UNUSED_VARIABLE = YES;
				IPHONEOS_DEPLOYMENT_TARGET = 11.2;
				MTL_ENABLE_DEBUG_INFO = NO;
				SDKROOT = iphoneos;
				SWIFT_OPTIMIZATION_LEVEL = "-Owholemodule";
				VALIDATE_PRODUCT = YES;
			};
			name = Release;
		};
		DAE68FD8201147FB0028292E /* Debug */ = {
			isa = XCBuildConfiguration;
			baseConfigurationReference = A93D0CB82E8C13FA685D3451 /* Pods-SocialMediaApp.debug.xcconfig */;
			buildSettings = {
				ASSETCATALOG_COMPILER_APPICON_NAME = AppIcon;
				CODE_SIGN_STYLE = Automatic;
				DEVELOPMENT_TEAM = 4N25H97F3B;
				INFOPLIST_FILE = SocialMediaApp/Info.plist;
				LD_RUNPATH_SEARCH_PATHS = "$(inherited) @executable_path/Frameworks";
				PRODUCT_BUNDLE_IDENTIFIER = AndrewJenson.SocialMediaApp;
				PRODUCT_NAME = "$(TARGET_NAME)";
				SWIFT_VERSION = 4.0;
				TARGETED_DEVICE_FAMILY = "1,2";
			};
			name = Debug;
		};
		DAE68FD9201147FB0028292E /* Release */ = {
			isa = XCBuildConfiguration;
			baseConfigurationReference = 8F51D6F8F2176AA76A806FEE /* Pods-SocialMediaApp.release.xcconfig */;
			buildSettings = {
				ASSETCATALOG_COMPILER_APPICON_NAME = AppIcon;
				CODE_SIGN_STYLE = Automatic;
				DEVELOPMENT_TEAM = 4N25H97F3B;
				INFOPLIST_FILE = SocialMediaApp/Info.plist;
				LD_RUNPATH_SEARCH_PATHS = "$(inherited) @executable_path/Frameworks";
				PRODUCT_BUNDLE_IDENTIFIER = AndrewJenson.SocialMediaApp;
				PRODUCT_NAME = "$(TARGET_NAME)";
				SWIFT_VERSION = 4.0;
				TARGETED_DEVICE_FAMILY = "1,2";
			};
			name = Release;
		};
/* End XCBuildConfiguration section */

/* Begin XCConfigurationList section */
		DAE68FC0201147FB0028292E /* Build configuration list for PBXProject "SocialMediaApp" */ = {
			isa = XCConfigurationList;
			buildConfigurations = (
				DAE68FD5201147FB0028292E /* Debug */,
				DAE68FD6201147FB0028292E /* Release */,
			);
			defaultConfigurationIsVisible = 0;
			defaultConfigurationName = Release;
		};
		DAE68FD7201147FB0028292E /* Build configuration list for PBXNativeTarget "SocialMediaApp" */ = {
			isa = XCConfigurationList;
			buildConfigurations = (
				DAE68FD8201147FB0028292E /* Debug */,
				DAE68FD9201147FB0028292E /* Release */,
			);
			defaultConfigurationIsVisible = 0;
			defaultConfigurationName = Release;
		};
/* End XCConfigurationList section */
	};
	rootObject = DAE68FBD201147FB0028292E /* Project object */;
}
